// !$*UTF8*$!
{
	archiveVersion = 1;
	classes = {
	};
	objectVersion = 51;
	objects = {

/* Begin PBXBuildFile section */
		0C8F68BA59AF24AF7F4F2D45 /* Pods_Allons_y.framework in Frameworks */ = {isa = PBXBuildFile; fileRef = F4B817993BF1610E9497C068 /* Pods_Allons_y.framework */; };
		F15AAB612567928600EF67B3 /* MapboxCoreNavigation.framework in Frameworks */ = {isa = PBXBuildFile; fileRef = F15AAB5D2567928600EF67B3 /* MapboxCoreNavigation.framework */; };
		F15AAB622567928600EF67B3 /* MapboxCoreNavigation.framework in Embed Frameworks */ = {isa = PBXBuildFile; fileRef = F15AAB5D2567928600EF67B3 /* MapboxCoreNavigation.framework */; settings = {ATTRIBUTES = (CodeSignOnCopy, RemoveHeadersOnCopy, ); }; };
		F15AAB632567928600EF67B3 /* MapboxDirections.framework in Frameworks */ = {isa = PBXBuildFile; fileRef = F15AAB5E2567928600EF67B3 /* MapboxDirections.framework */; };
		F15AAB642567928600EF67B3 /* MapboxDirections.framework in Embed Frameworks */ = {isa = PBXBuildFile; fileRef = F15AAB5E2567928600EF67B3 /* MapboxDirections.framework */; settings = {ATTRIBUTES = (CodeSignOnCopy, RemoveHeadersOnCopy, ); }; };
		F15AAB652567928600EF67B3 /* MapboxMobileEvents.framework in Frameworks */ = {isa = PBXBuildFile; fileRef = F15AAB5F2567928600EF67B3 /* MapboxMobileEvents.framework */; };
		F15AAB662567928600EF67B3 /* MapboxMobileEvents.framework in Embed Frameworks */ = {isa = PBXBuildFile; fileRef = F15AAB5F2567928600EF67B3 /* MapboxMobileEvents.framework */; settings = {ATTRIBUTES = (CodeSignOnCopy, RemoveHeadersOnCopy, ); }; };
		F15AAB672567928600EF67B3 /* MapboxNavigation.framework in Frameworks */ = {isa = PBXBuildFile; fileRef = F15AAB602567928600EF67B3 /* MapboxNavigation.framework */; };
		F15AAB682567928600EF67B3 /* MapboxNavigation.framework in Embed Frameworks */ = {isa = PBXBuildFile; fileRef = F15AAB602567928600EF67B3 /* MapboxNavigation.framework */; settings = {ATTRIBUTES = (CodeSignOnCopy, RemoveHeadersOnCopy, ); }; };
		F18CCCDD2547E95900BA6D6A /* AppDelegate.swift in Sources */ = {isa = PBXBuildFile; fileRef = F18CCCDC2547E95900BA6D6A /* AppDelegate.swift */; };
		F18CCCDF2547E95900BA6D6A /* SceneDelegate.swift in Sources */ = {isa = PBXBuildFile; fileRef = F18CCCDE2547E95900BA6D6A /* SceneDelegate.swift */; };
		F18CCCE12547E95900BA6D6A /* ViewController.swift in Sources */ = {isa = PBXBuildFile; fileRef = F18CCCE02547E95900BA6D6A /* ViewController.swift */; };
		F18CCCE42547E95900BA6D6A /* Main.storyboard in Resources */ = {isa = PBXBuildFile; fileRef = F18CCCE22547E95900BA6D6A /* Main.storyboard */; };
		F18CCCE92547E95C00BA6D6A /* LaunchScreen.storyboard in Resources */ = {isa = PBXBuildFile; fileRef = F18CCCE72547E95C00BA6D6A /* LaunchScreen.storyboard */; };
		F1A9D97725720B1C00B89E61 /* InfoView.xib in Resources */ = {isa = PBXBuildFile; fileRef = F1A9D97625720B1C00B89E61 /* InfoView.xib */; };
		F1A9D9882574A76100B89E61 /* ViewModel.swift in Sources */ = {isa = PBXBuildFile; fileRef = F1A9D9872574A76100B89E61 /* ViewModel.swift */; };
		F1A9DA102580AB3200B89E61 /* Assets.xcassets in Resources */ = {isa = PBXBuildFile; fileRef = F18CCCE52547E95C00BA6D6A /* Assets.xcassets */; };
/* End PBXBuildFile section */

/* Begin PBXCopyFilesBuildPhase section */
		F15AAB692567928600EF67B3 /* Embed Frameworks */ = {
			isa = PBXCopyFilesBuildPhase;
			buildActionMask = 8;
			dstPath = "";
			dstSubfolderSpec = 10;
			files = (
				F15AAB662567928600EF67B3 /* MapboxMobileEvents.framework in Embed Frameworks */,
				F15AAB682567928600EF67B3 /* MapboxNavigation.framework in Embed Frameworks */,
				F15AAB622567928600EF67B3 /* MapboxCoreNavigation.framework in Embed Frameworks */,
				F15AAB642567928600EF67B3 /* MapboxDirections.framework in Embed Frameworks */,
			);
			name = "Embed Frameworks";
			runOnlyForDeploymentPostprocessing = 1;
		};
/* End PBXCopyFilesBuildPhase section */

/* Begin PBXFileReference section */
		D14F0C7C6F7B33070A85F36C /* Pods-Allons-y.debug.xcconfig */ = {isa = PBXFileReference; includeInIndex = 1; lastKnownFileType = text.xcconfig; name = "Pods-Allons-y.debug.xcconfig"; path = "Target Support Files/Pods-Allons-y/Pods-Allons-y.debug.xcconfig"; sourceTree = "<group>"; };
		F10951802567893C0074F3B3 /* MapboxNavigation */ = {isa = PBXFileReference; lastKnownFileType = folder; name = MapboxNavigation; path = Pods/MapboxNavigation/MapboxNavigation; sourceTree = "<group>"; };
		F15AAB5D2567928600EF67B3 /* MapboxCoreNavigation.framework */ = {isa = PBXFileReference; explicitFileType = wrapper.framework; path = MapboxCoreNavigation.framework; sourceTree = BUILT_PRODUCTS_DIR; };
		F15AAB5E2567928600EF67B3 /* MapboxDirections.framework */ = {isa = PBXFileReference; explicitFileType = wrapper.framework; path = MapboxDirections.framework; sourceTree = BUILT_PRODUCTS_DIR; };
		F15AAB5F2567928600EF67B3 /* MapboxMobileEvents.framework */ = {isa = PBXFileReference; explicitFileType = wrapper.framework; path = MapboxMobileEvents.framework; sourceTree = BUILT_PRODUCTS_DIR; };
		F15AAB602567928600EF67B3 /* MapboxNavigation.framework */ = {isa = PBXFileReference; explicitFileType = wrapper.framework; path = MapboxNavigation.framework; sourceTree = BUILT_PRODUCTS_DIR; };
		F18CCCD92547E95900BA6D6A /* Allons-y.app */ = {isa = PBXFileReference; explicitFileType = wrapper.application; includeInIndex = 0; path = "Allons-y.app"; sourceTree = BUILT_PRODUCTS_DIR; };
		F18CCCDC2547E95900BA6D6A /* AppDelegate.swift */ = {isa = PBXFileReference; lastKnownFileType = sourcecode.swift; path = AppDelegate.swift; sourceTree = "<group>"; };
		F18CCCDE2547E95900BA6D6A /* SceneDelegate.swift */ = {isa = PBXFileReference; lastKnownFileType = sourcecode.swift; path = SceneDelegate.swift; sourceTree = "<group>"; };
		F18CCCE02547E95900BA6D6A /* ViewController.swift */ = {isa = PBXFileReference; lastKnownFileType = sourcecode.swift; path = ViewController.swift; sourceTree = "<group>"; };
		F18CCCE32547E95900BA6D6A /* Base */ = {isa = PBXFileReference; lastKnownFileType = file.storyboard; name = Base; path = Base.lproj/Main.storyboard; sourceTree = "<group>"; };
		F18CCCE52547E95C00BA6D6A /* Assets.xcassets */ = {isa = PBXFileReference; lastKnownFileType = folder.assetcatalog; path = Assets.xcassets; sourceTree = "<group>"; };
		F18CCCE82547E95C00BA6D6A /* Base */ = {isa = PBXFileReference; lastKnownFileType = file.storyboard; name = Base; path = Base.lproj/LaunchScreen.storyboard; sourceTree = "<group>"; };
		F18CCCEA2547E95C00BA6D6A /* Info.plist */ = {isa = PBXFileReference; lastKnownFileType = text.plist.xml; path = Info.plist; sourceTree = "<group>"; };
		F1A9D97625720B1C00B89E61 /* InfoView.xib */ = {isa = PBXFileReference; lastKnownFileType = file.xib; path = InfoView.xib; sourceTree = "<group>"; };
		F1A9D9872574A76100B89E61 /* ViewModel.swift */ = {isa = PBXFileReference; lastKnownFileType = sourcecode.swift; path = ViewModel.swift; sourceTree = "<group>"; };
		F26140D8EB4E02EE878A3C80 /* Pods-Allons-y.release.xcconfig */ = {isa = PBXFileReference; includeInIndex = 1; lastKnownFileType = text.xcconfig; name = "Pods-Allons-y.release.xcconfig"; path = "Target Support Files/Pods-Allons-y/Pods-Allons-y.release.xcconfig"; sourceTree = "<group>"; };
		F4B817993BF1610E9497C068 /* Pods_Allons_y.framework */ = {isa = PBXFileReference; explicitFileType = wrapper.framework; includeInIndex = 0; path = Pods_Allons_y.framework; sourceTree = BUILT_PRODUCTS_DIR; };
/* End PBXFileReference section */

/* Begin PBXFrameworksBuildPhase section */
		F18CCCD62547E95900BA6D6A /* Frameworks */ = {
			isa = PBXFrameworksBuildPhase;
			buildActionMask = 2147483647;
			files = (
				F15AAB652567928600EF67B3 /* MapboxMobileEvents.framework in Frameworks */,
				F15AAB672567928600EF67B3 /* MapboxNavigation.framework in Frameworks */,
				F15AAB632567928600EF67B3 /* MapboxDirections.framework in Frameworks */,
				F15AAB612567928600EF67B3 /* MapboxCoreNavigation.framework in Frameworks */,
				0C8F68BA59AF24AF7F4F2D45 /* Pods_Allons_y.framework in Frameworks */,
			);
			runOnlyForDeploymentPostprocessing = 0;
		};
/* End PBXFrameworksBuildPhase section */

/* Begin PBXGroup section */
		12EC00AA9B03AED3EEDA2D79 /* Frameworks */ = {
			isa = PBXGroup;
			children = (
				F15AAB5D2567928600EF67B3 /* MapboxCoreNavigation.framework */,
				F15AAB5E2567928600EF67B3 /* MapboxDirections.framework */,
				F15AAB5F2567928600EF67B3 /* MapboxMobileEvents.framework */,
				F15AAB602567928600EF67B3 /* MapboxNavigation.framework */,
				F10951802567893C0074F3B3 /* MapboxNavigation */,
				F4B817993BF1610E9497C068 /* Pods_Allons_y.framework */,
			);
			name = Frameworks;
			sourceTree = "<group>";
		};
		C4332A1AF745CE4B091151DA /* Pods */ = {
			isa = PBXGroup;
			children = (
				D14F0C7C6F7B33070A85F36C /* Pods-Allons-y.debug.xcconfig */,
				F26140D8EB4E02EE878A3C80 /* Pods-Allons-y.release.xcconfig */,
			);
			path = Pods;
			sourceTree = "<group>";
		};
		F18CCCD02547E95900BA6D6A = {
			isa = PBXGroup;
			children = (
				F18CCCDB2547E95900BA6D6A /* Allons-y */,
				F18CCCDA2547E95900BA6D6A /* Products */,
				C4332A1AF745CE4B091151DA /* Pods */,
				12EC00AA9B03AED3EEDA2D79 /* Frameworks */,
			);
			sourceTree = "<group>";
		};
		F18CCCDA2547E95900BA6D6A /* Products */ = {
			isa = PBXGroup;
			children = (
				F18CCCD92547E95900BA6D6A /* Allons-y.app */,
			);
			name = Products;
			sourceTree = "<group>";
		};
		F18CCCDB2547E95900BA6D6A /* Allons-y */ = {
			isa = PBXGroup;
			children = (
				F18CCCDC2547E95900BA6D6A /* AppDelegate.swift */,
				F18CCCDE2547E95900BA6D6A /* SceneDelegate.swift */,
				F18CCCE02547E95900BA6D6A /* ViewController.swift */,
				F18CCCE22547E95900BA6D6A /* Main.storyboard */,
				F18CCCE52547E95C00BA6D6A /* Assets.xcassets */,
				F18CCCE72547E95C00BA6D6A /* LaunchScreen.storyboard */,
				F18CCCEA2547E95C00BA6D6A /* Info.plist */,
				F1A9D97625720B1C00B89E61 /* InfoView.xib */,
				F1A9D9872574A76100B89E61 /* ViewModel.swift */,
			);
			path = "Allons-y";
			sourceTree = "<group>";
		};
/* End PBXGroup section */

/* Begin PBXNativeTarget section */
		F18CCCD82547E95900BA6D6A /* Allons-y */ = {
			isa = PBXNativeTarget;
			buildConfigurationList = F18CCCED2547E95C00BA6D6A /* Build configuration list for PBXNativeTarget "Allons-y" */;
			buildPhases = (
				EBFD90414B7809A3BFFF96BA /* [CP] Check Pods Manifest.lock */,
				F18CCCD52547E95900BA6D6A /* Sources */,
				F18CCCD62547E95900BA6D6A /* Frameworks */,
				F18CCCD72547E95900BA6D6A /* Resources */,
				F82AD8B337D4653AF07C9DEE /* [CP] Copy Pods Resources */,
				E415C63AF8097C0468F9A06F /* [CP] Embed Pods Frameworks */,
				F15AAB692567928600EF67B3 /* Embed Frameworks */,
			);
			buildRules = (
			);
			dependencies = (
			);
			name = "Allons-y";
			productName = "Allons-y";
			productReference = F18CCCD92547E95900BA6D6A /* Allons-y.app */;
			productType = "com.apple.product-type.application";
		};
/* End PBXNativeTarget section */

/* Begin PBXProject section */
		F18CCCD12547E95900BA6D6A /* Project object */ = {
			isa = PBXProject;
			attributes = {
				LastSwiftUpdateCheck = 1210;
				LastUpgradeCheck = 1210;
				TargetAttributes = {
					F18CCCD82547E95900BA6D6A = {
						CreatedOnToolsVersion = 12.1;
					};
				};
			};
			buildConfigurationList = F18CCCD42547E95900BA6D6A /* Build configuration list for PBXProject "Allons-y" */;
			compatibilityVersion = "Xcode 9.3";
			developmentRegion = en;
			hasScannedForEncodings = 0;
			knownRegions = (
				en,
				Base,
			);
			mainGroup = F18CCCD02547E95900BA6D6A;
			productRefGroup = F18CCCDA2547E95900BA6D6A /* Products */;
			projectDirPath = "";
			projectRoot = "";
			targets = (
				F18CCCD82547E95900BA6D6A /* Allons-y */,
			);
		};
/* End PBXProject section */

/* Begin PBXResourcesBuildPhase section */
		F18CCCD72547E95900BA6D6A /* Resources */ = {
			isa = PBXResourcesBuildPhase;
			buildActionMask = 2147483647;
			files = (
				F1A9D97725720B1C00B89E61 /* InfoView.xib in Resources */,
				F18CCCE92547E95C00BA6D6A /* LaunchScreen.storyboard in Resources */,
				F1A9DA102580AB3200B89E61 /* Assets.xcassets in Resources */,
				F18CCCE42547E95900BA6D6A /* Main.storyboard in Resources */,
			);
			runOnlyForDeploymentPostprocessing = 0;
		};
/* End PBXResourcesBuildPhase section */

/* Begin PBXShellScriptBuildPhase section */
		E415C63AF8097C0468F9A06F /* [CP] Embed Pods Frameworks */ = {
			isa = PBXShellScriptBuildPhase;
			buildActionMask = 2147483647;
			files = (
			);
			inputFileListPaths = (
				"${PODS_ROOT}/Target Support Files/Pods-Allons-y/Pods-Allons-y-frameworks-${CONFIGURATION}-input-files.xcfilelist",
			);
			name = "[CP] Embed Pods Frameworks";
			outputFileListPaths = (
				"${PODS_ROOT}/Target Support Files/Pods-Allons-y/Pods-Allons-y-frameworks-${CONFIGURATION}-output-files.xcfilelist",
			);
			runOnlyForDeploymentPostprocessing = 0;
			shellPath = /bin/sh;
			shellScript = "\"${PODS_ROOT}/Target Support Files/Pods-Allons-y/Pods-Allons-y-frameworks.sh\"\n";
			showEnvVarsInLog = 0;
		};
		EBFD90414B7809A3BFFF96BA /* [CP] Check Pods Manifest.lock */ = {
			isa = PBXShellScriptBuildPhase;
			buildActionMask = 2147483647;
			files = (
			);
			inputFileListPaths = (
			);
			inputPaths = (
				"${PODS_PODFILE_DIR_PATH}/Podfile.lock",
				"${PODS_ROOT}/Manifest.lock",
			);
			name = "[CP] Check Pods Manifest.lock";
			outputFileListPaths = (
			);
			outputPaths = (
				"$(DERIVED_FILE_DIR)/Pods-Allons-y-checkManifestLockResult.txt",
			);
			runOnlyForDeploymentPostprocessing = 0;
			shellPath = /bin/sh;
			shellScript = "diff \"${PODS_PODFILE_DIR_PATH}/Podfile.lock\" \"${PODS_ROOT}/Manifest.lock\" > /dev/null\nif [ $? != 0 ] ; then\n    # print error to STDERR\n    echo \"error: The sandbox is not in sync with the Podfile.lock. Run 'pod install' or update your CocoaPods installation.\" >&2\n    exit 1\nfi\n# This output is used by Xcode 'outputs' to avoid re-running this script phase.\necho \"SUCCESS\" > \"${SCRIPT_OUTPUT_FILE_0}\"\n";
			showEnvVarsInLog = 0;
		};
		F82AD8B337D4653AF07C9DEE /* [CP] Copy Pods Resources */ = {
			isa = PBXShellScriptBuildPhase;
			buildActionMask = 2147483647;
			files = (
			);
			inputFileListPaths = (
				"${PODS_ROOT}/Target Support Files/Pods-Allons-y/Pods-Allons-y-resources-${CONFIGURATION}-input-files.xcfilelist",
			);
			name = "[CP] Copy Pods Resources";
			outputFileListPaths = (
				"${PODS_ROOT}/Target Support Files/Pods-Allons-y/Pods-Allons-y-resources-${CONFIGURATION}-output-files.xcfilelist",
			);
			runOnlyForDeploymentPostprocessing = 0;
			shellPath = /bin/sh;
			shellScript = "\"${PODS_ROOT}/Target Support Files/Pods-Allons-y/Pods-Allons-y-resources.sh\"\n";
			showEnvVarsInLog = 0;
		};
/* End PBXShellScriptBuildPhase section */

/* Begin PBXSourcesBuildPhase section */
		F18CCCD52547E95900BA6D6A /* Sources */ = {
			isa = PBXSourcesBuildPhase;
			buildActionMask = 2147483647;
			files = (
				F18CCCE12547E95900BA6D6A /* ViewController.swift in Sources */,
				F18CCCDD2547E95900BA6D6A /* AppDelegate.swift in Sources */,
				F1A9D9882574A76100B89E61 /* ViewModel.swift in Sources */,
				F18CCCDF2547E95900BA6D6A /* SceneDelegate.swift in Sources */,
			);
			runOnlyForDeploymentPostprocessing = 0;
		};
/* End PBXSourcesBuildPhase section */

/* Begin PBXVariantGroup section */
		F18CCCE22547E95900BA6D6A /* Main.storyboard */ = {
			isa = PBXVariantGroup;
			children = (
				F18CCCE32547E95900BA6D6A /* Base */,
			);
			name = Main.storyboard;
			sourceTree = "<group>";
		};
		F18CCCE72547E95C00BA6D6A /* LaunchScreen.storyboard */ = {
			isa = PBXVariantGroup;
			children = (
				F18CCCE82547E95C00BA6D6A /* Base */,
			);
			name = LaunchScreen.storyboard;
			sourceTree = "<group>";
		};
/* End PBXVariantGroup section */

/* Begin XCBuildConfiguration section */
		F18CCCEB2547E95C00BA6D6A /* Debug */ = {
			isa = XCBuildConfiguration;
			buildSettings = {
				ALWAYS_SEARCH_USER_PATHS = NO;
				CLANG_ANALYZER_NONNULL = YES;
				CLANG_ANALYZER_NUMBER_OBJECT_CONVERSION = YES_AGGRESSIVE;
				CLANG_CXX_LANGUAGE_STANDARD = "gnu++14";
				CLANG_CXX_LIBRARY = "libc++";
				CLANG_ENABLE_MODULES = YES;
				CLANG_ENABLE_OBJC_ARC = YES;
				CLANG_ENABLE_OBJC_WEAK = YES;
				CLANG_WARN_BLOCK_CAPTURE_AUTORELEASING = YES;
				CLANG_WARN_BOOL_CONVERSION = YES;
				CLANG_WARN_COMMA = YES;
				CLANG_WARN_CONSTANT_CONVERSION = YES;
				CLANG_WARN_DEPRECATED_OBJC_IMPLEMENTATIONS = YES;
				CLANG_WARN_DIRECT_OBJC_ISA_USAGE = YES_ERROR;
				CLANG_WARN_DOCUMENTATION_COMMENTS = YES;
				CLANG_WARN_EMPTY_BODY = YES;
				CLANG_WARN_ENUM_CONVERSION = YES;
				CLANG_WARN_INFINITE_RECURSION = YES;
				CLANG_WARN_INT_CONVERSION = YES;
				CLANG_WARN_NON_LITERAL_NULL_CONVERSION = YES;
				CLANG_WARN_OBJC_IMPLICIT_RETAIN_SELF = YES;
				CLANG_WARN_OBJC_LITERAL_CONVERSION = YES;
				CLANG_WARN_OBJC_ROOT_CLASS = YES_ERROR;
				CLANG_WARN_QUOTED_INCLUDE_IN_FRAMEWORK_HEADER = YES;
				CLANG_WARN_RANGE_LOOP_ANALYSIS = YES;
				CLANG_WARN_STRICT_PROTOTYPES = YES;
				CLANG_WARN_SUSPICIOUS_MOVE = YES;
				CLANG_WARN_UNGUARDED_AVAILABILITY = YES_AGGRESSIVE;
				CLANG_WARN_UNREACHABLE_CODE = YES;
				CLANG_WARN__DUPLICATE_METHOD_MATCH = YES;
				COPY_PHASE_STRIP = NO;
				DEBUG_INFORMATION_FORMAT = dwarf;
				ENABLE_STRICT_OBJC_MSGSEND = YES;
				ENABLE_TESTABILITY = YES;
				GCC_C_LANGUAGE_STANDARD = gnu11;
				GCC_DYNAMIC_NO_PIC = NO;
				GCC_NO_COMMON_BLOCKS = YES;
				GCC_OPTIMIZATION_LEVEL = 0;
				GCC_PREPROCESSOR_DEFINITIONS = (
					"DEBUG=1",
					"$(inherited)",
				);
				GCC_WARN_64_TO_32_BIT_CONVERSION = YES;
				GCC_WARN_ABOUT_RETURN_TYPE = YES_ERROR;
				GCC_WARN_UNDECLARED_SELECTOR = YES;
				GCC_WARN_UNINITIALIZED_AUTOS = YES_AGGRESSIVE;
				GCC_WARN_UNUSED_FUNCTION = YES;
				GCC_WARN_UNUSED_VARIABLE = YES;
				IPHONEOS_DEPLOYMENT_TARGET = 14.0;
				MTL_ENABLE_DEBUG_INFO = INCLUDE_SOURCE;
				MTL_FAST_MATH = YES;
				ONLY_ACTIVE_ARCH = YES;
				SDKROOT = iphoneos;
				SWIFT_ACTIVE_COMPILATION_CONDITIONS = DEBUG;
				SWIFT_OPTIMIZATION_LEVEL = "-Onone";
			};
			name = Debug;
		};
		F18CCCEC2547E95C00BA6D6A /* Release */ = {
			isa = XCBuildConfiguration;
			buildSettings = {
				ALWAYS_SEARCH_USER_PATHS = NO;
				CLANG_ANALYZER_NONNULL = YES;
				CLANG_ANALYZER_NUMBER_OBJECT_CONVERSION = YES_AGGRESSIVE;
				CLANG_CXX_LANGUAGE_STANDARD = "gnu++14";
				CLANG_CXX_LIBRARY = "libc++";
				CLANG_ENABLE_MODULES = YES;
				CLANG_ENABLE_OBJC_ARC = YES;
				CLANG_ENABLE_OBJC_WEAK = YES;
				CLANG_WARN_BLOCK_CAPTURE_AUTORELEASING = YES;
				CLANG_WARN_BOOL_CONVERSION = YES;
				CLANG_WARN_COMMA = YES;
				CLANG_WARN_CONSTANT_CONVERSION = YES;
				CLANG_WARN_DEPRECATED_OBJC_IMPLEMENTATIONS = YES;
				CLANG_WARN_DIRECT_OBJC_ISA_USAGE = YES_ERROR;
				CLANG_WARN_DOCUMENTATION_COMMENTS = YES;
				CLANG_WARN_EMPTY_BODY = YES;
				CLANG_WARN_ENUM_CONVERSION = YES;
				CLANG_WARN_INFINITE_RECURSION = YES;
				CLANG_WARN_INT_CONVERSION = YES;
				CLANG_WARN_NON_LITERAL_NULL_CONVERSION = YES;
				CLANG_WARN_OBJC_IMPLICIT_RETAIN_SELF = YES;
				CLANG_WARN_OBJC_LITERAL_CONVERSION = YES;
				CLANG_WARN_OBJC_ROOT_CLASS = YES_ERROR;
				CLANG_WARN_QUOTED_INCLUDE_IN_FRAMEWORK_HEADER = YES;
				CLANG_WARN_RANGE_LOOP_ANALYSIS = YES;
				CLANG_WARN_STRICT_PROTOTYPES = YES;
				CLANG_WARN_SUSPICIOUS_MOVE = YES;
				CLANG_WARN_UNGUARDED_AVAILABILITY = YES_AGGRESSIVE;
				CLANG_WARN_UNREACHABLE_CODE = YES;
				CLANG_WARN__DUPLICATE_METHOD_MATCH = YES;
				COPY_PHASE_STRIP = NO;
				DEBUG_INFORMATION_FORMAT = "dwarf-with-dsym";
				ENABLE_NS_ASSERTIONS = NO;
				ENABLE_STRICT_OBJC_MSGSEND = YES;
				GCC_C_LANGUAGE_STANDARD = gnu11;
				GCC_NO_COMMON_BLOCKS = YES;
				GCC_WARN_64_TO_32_BIT_CONVERSION = YES;
				GCC_WARN_ABOUT_RETURN_TYPE = YES_ERROR;
				GCC_WARN_UNDECLARED_SELECTOR = YES;
				GCC_WARN_UNINITIALIZED_AUTOS = YES_AGGRESSIVE;
				GCC_WARN_UNUSED_FUNCTION = YES;
				GCC_WARN_UNUSED_VARIABLE = YES;
				IPHONEOS_DEPLOYMENT_TARGET = 14.0;
				MTL_ENABLE_DEBUG_INFO = NO;
				MTL_FAST_MATH = YES;
				SDKROOT = iphoneos;
				SWIFT_COMPILATION_MODE = wholemodule;
				SWIFT_OPTIMIZATION_LEVEL = "-O";
				VALIDATE_PRODUCT = YES;
			};
			name = Release;
		};
		F18CCCEE2547E95C00BA6D6A /* Debug */ = {
			isa = XCBuildConfiguration;
			baseConfigurationReference = D14F0C7C6F7B33070A85F36C /* Pods-Allons-y.debug.xcconfig */;
			buildSettings = {
				ASSETCATALOG_COMPILER_APPICON_NAME = AppIcon;
				ASSETCATALOG_COMPILER_GLOBAL_ACCENT_COLOR_NAME = AccentColor;
				CODE_SIGN_STYLE = Automatic;
				DEVELOPMENT_TEAM = 42C9J94BNC;
				INFOPLIST_FILE = "Allons-y/Info.plist";
				LD_RUNPATH_SEARCH_PATHS = (
					"$(inherited)",
					"@executable_path/Frameworks",
				);
				PRODUCT_BUNDLE_IDENTIFIER = "Courtney.Allons-y";
				PRODUCT_NAME = "$(TARGET_NAME)";
				SWIFT_VERSION = 5.0;
				TARGETED_DEVICE_FAMILY = "1,2";
			};
			name = Debug;
		};
		F18CCCEF2547E95C00BA6D6A /* Release */ = {
			isa = XCBuildConfiguration;
			baseConfigurationReference = F26140D8EB4E02EE878A3C80 /* Pods-Allons-y.release.xcconfig */;
			buildSettings = {
				ASSETCATALOG_COMPILER_APPICON_NAME = AppIcon;
				ASSETCATALOG_COMPILER_GLOBAL_ACCENT_COLOR_NAME = AccentColor;
				CODE_SIGN_STYLE = Automatic;
				DEVELOPMENT_TEAM = 42C9J94BNC;
				INFOPLIST_FILE = "Allons-y/Info.plist";
				LD_RUNPATH_SEARCH_PATHS = (
					"$(inherited)",
					"@executable_path/Frameworks",
				);
				PRODUCT_BUNDLE_IDENTIFIER = "Courtney.Allons-y";
				PRODUCT_NAME = "$(TARGET_NAME)";
				SWIFT_VERSION = 5.0;
				TARGETED_DEVICE_FAMILY = "1,2";
			};
			name = Release;
		};
/* End XCBuildConfiguration section */

/* Begin XCConfigurationList section */
		F18CCCD42547E95900BA6D6A /* Build configuration list for PBXProject "Allons-y" */ = {
			isa = XCConfigurationList;
			buildConfigurations = (
				F18CCCEB2547E95C00BA6D6A /* Debug */,
				F18CCCEC2547E95C00BA6D6A /* Release */,
			);
			defaultConfigurationIsVisible = 0;
			defaultConfigurationName = Release;
		};
		F18CCCED2547E95C00BA6D6A /* Build configuration list for PBXNativeTarget "Allons-y" */ = {
			isa = XCConfigurationList;
			buildConfigurations = (
				F18CCCEE2547E95C00BA6D6A /* Debug */,
				F18CCCEF2547E95C00BA6D6A /* Release */,
			);
			defaultConfigurationIsVisible = 0;
			defaultConfigurationName = Release;
		};
/* End XCConfigurationList section */
	};
	rootObject = F18CCCD12547E95900BA6D6A /* Project object */;
}
